
Microsoft Visual Studio Solution File, Format Version 12.00
# Visual Studio Version 16
VisualStudioVersion = 16.0.30114.105
MinimumVisualStudioVersion = 10.0.40219.1
Project("{FAE04EC0-301F-11D3-BF4B-00C04F79EFBC}") = "SafinExamWPF", "SafinExamWPF\SafinExamWPF.csproj", "{F14F994B-940C-4CE1-80CF-CD8A542A4A68}"
EndProject
Global
	GlobalSection(SolutionConfigurationPlatforms) = preSolution
		Debug|Any CPU = Debug|Any CPU
		Release|Any CPU = Release|Any CPU
	EndGlobalSection
	GlobalSection(ProjectConfigurationPlatforms) = postSolution
		{F14F994B-940C-4CE1-80CF-CD8A542A4A68}.Debug|Any CPU.ActiveCfg = Debug|Any CPU
		{F14F994B-940C-4CE1-80CF-CD8A542A4A68}.Debug|Any CPU.Build.0 = Debug|Any CPU
		{F14F994B-940C-4CE1-80CF-CD8A542A4A68}.Release|Any CPU.ActiveCfg = Release|Any CPU
		{F14F994B-940C-4CE1-80CF-CD8A542A4A68}.Release|Any CPU.Build.0 = Release|Any CPU
	EndGlobalSection
	GlobalSection(SolutionProperties) = preSolution
		HideSolutionNode = FALSE
	EndGlobalSection
	GlobalSection(ExtensibilityGlobals) = postSolution
		SolutionGuid = {18293636-2508-4396-BE5B-E30E01E03119}
	EndGlobalSection
EndGlobal
